// !$*UTF8*$!
{
	archiveVersion = 1;
	classes = {
	};
	objectVersion = 46;
	objects = {

/* Begin PBXBuildFile section */
		F7655E001A23FE2B0060D9C9 /* arbol.c in Sources */ = {isa = PBXBuildFile; fileRef = F7655DFC1A23FE2B0060D9C9 /* arbol.c */; };
		F7655E011A23FE2B0060D9C9 /* comando.c in Sources */ = {isa = PBXBuildFile; fileRef = F7655DFE1A23FE2B0060D9C9 /* comando.c */; };
		F7655E031A23FE3D0060D9C9 /* main.c in Sources */ = {isa = PBXBuildFile; fileRef = F7655E021A23FE3D0060D9C9 /* main.c */; };
/* End PBXBuildFile section */

/* Begin PBXCopyFilesBuildPhase section */
		F7655DF01A23FE0B0060D9C9 /* CopyFiles */ = {
			isa = PBXCopyFilesBuildPhase;
			buildActionMask = 2147483647;
			dstPath = /usr/share/man/man1/;
			dstSubfolderSpec = 0;
			files = (
			);
			runOnlyForDeploymentPostprocessing = 1;
		};
/* End PBXCopyFilesBuildPhase section */

/* Begin PBXFileReference section */
		F7655DF21A23FE0C0060D9C9 /* fssh */ = {isa = PBXFileReference; explicitFileType = "compiled.mach-o.executable"; includeInIndex = 0; path = fssh; sourceTree = BUILT_PRODUCTS_DIR; };
		F7655DFC1A23FE2B0060D9C9 /* arbol.c */ = {isa = PBXFileReference; fileEncoding = 4; lastKnownFileType = sourcecode.c.c; name = arbol.c; path = ../../../arbol.c; sourceTree = "<group>"; };
		F7655DFD1A23FE2B0060D9C9 /* arbol.h */ = {isa = PBXFileReference; fileEncoding = 4; lastKnownFileType = sourcecode.c.h; name = arbol.h; path = ../../../arbol.h; sourceTree = "<group>"; };
		F7655DFE1A23FE2B0060D9C9 /* comando.c */ = {isa = PBXFileReference; fileEncoding = 4; lastKnownFileType = sourcecode.c.c; name = comando.c; path = ../../../comando.c; sourceTree = "<group>"; };
		F7655DFF1A23FE2B0060D9C9 /* comando.h */ = {isa = PBXFileReference; fileEncoding = 4; lastKnownFileType = sourcecode.c.h; name = comando.h; path = ../../../comando.h; sourceTree = "<group>"; };
		F7655E021A23FE3D0060D9C9 /* main.c */ = {isa = PBXFileReference; fileEncoding = 4; lastKnownFileType = sourcecode.c.c; name = main.c; path = ../../../main.c; sourceTree = "<group>"; };
/* End PBXFileReference section */

/* Begin PBXFrameworksBuildPhase section */
		F7655DEF1A23FE0B0060D9C9 /* Frameworks */ = {
			isa = PBXFrameworksBuildPhase;
			buildActionMask = 2147483647;
			files = (
			);
			runOnlyForDeploymentPostprocessing = 0;
		};
/* End PBXFrameworksBuildPhase section */

/* Begin PBXGroup section */
		F7655DE91A23FE0B0060D9C9 = {
			isa = PBXGroup;
			children = (
				F7655DF41A23FE0C0060D9C9 /* fssh */,
				F7655DF31A23FE0C0060D9C9 /* Products */,
			);
			sourceTree = "<group>";
		};
		F7655DF31A23FE0C0060D9C9 /* Products */ = {
			isa = PBXGroup;
			children = (
				F7655DF21A23FE0C0060D9C9 /* fssh */,
			);
			name = Products;
			sourceTree = "<group>";
		};
		F7655DF41A23FE0C0060D9C9 /* fssh */ = {
			isa = PBXGroup;
			children = (
				F7655DFC1A23FE2B0060D9C9 /* arbol.c */,
				F7655DFD1A23FE2B0060D9C9 /* arbol.h */,
				F7655DFE1A23FE2B0060D9C9 /* comando.c */,
				F7655E021A23FE3D0060D9C9 /* main.c */,
				F7655DFF1A23FE2B0060D9C9 /* comando.h */,
			);
			path = fssh;
			sourceTree = "<group>";
		};
/* End PBXGroup section */

/* Begin PBXNativeTarget section */
		F7655DF11A23FE0B0060D9C9 /* fssh */ = {
			isa = PBXNativeTarget;
			buildConfigurationList = F7655DF91A23FE0C0060D9C9 /* Build configuration list for PBXNativeTarget "fssh" */;
			buildPhases = (
				F7655DEE1A23FE0B0060D9C9 /* Sources */,
				F7655DEF1A23FE0B0060D9C9 /* Frameworks */,
				F7655DF01A23FE0B0060D9C9 /* CopyFiles */,
			);
			buildRules = (
			);
			dependencies = (
			);
			name = fssh;
			productName = fssh;
			productReference = F7655DF21A23FE0C0060D9C9 /* fssh */;
			productType = "com.apple.product-type.tool";
		};
/* End PBXNativeTarget section */

/* Begin PBXProject section */
		F7655DEA1A23FE0B0060D9C9 /* Project object */ = {
			isa = PBXProject;
			attributes = {
				LastUpgradeCheck = 0610;
				ORGANIZATIONNAME = "Jose Eduardo Peña Vera";
				TargetAttributes = {
					F7655DF11A23FE0B0060D9C9 = {
						CreatedOnToolsVersion = 6.1;
					};
				};
			};
			buildConfigurationList = F7655DED1A23FE0B0060D9C9 /* Build configuration list for PBXProject "fssh" */;
			compatibilityVersion = "Xcode 3.2";
			developmentRegion = English;
			hasScannedForEncodings = 0;
			knownRegions = (
				en,
			);
			mainGroup = F7655DE91A23FE0B0060D9C9;
			productRefGroup = F7655DF31A23FE0C0060D9C9 /* Products */;
			projectDirPath = "";
			projectRoot = "";
			targets = (
				F7655DF11A23FE0B0060D9C9 /* fssh */,
			);
		};
/* End PBXProject section */

/* Begin PBXSourcesBuildPhase section */
		F7655DEE1A23FE0B0060D9C9 /* Sources */ = {
			isa = PBXSourcesBuildPhase;
			buildActionMask = 2147483647;
			files = (
				F7655E031A23FE3D0060D9C9 /* main.c in Sources */,
				F7655E011A23FE2B0060D9C9 /* comando.c in Sources */,
				F7655E001A23FE2B0060D9C9 /* arbol.c in Sources */,
			);
			runOnlyForDeploymentPostprocessing = 0;
		};
/* End PBXSourcesBuildPhase section */

/* Begin XCBuildConfiguration section */
		F7655DF71A23FE0C0060D9C9 /* Debug */ = {
			isa = XCBuildConfiguration;
			buildSettings = {
				ALWAYS_SEARCH_USER_PATHS = NO;
				CLANG_CXX_LANGUAGE_STANDARD = "gnu++0x";
				CLANG_CXX_LIBRARY = "libc++";
				CLANG_ENABLE_MODULES = YES;
				CLANG_ENABLE_OBJC_ARC = YES;
				CLANG_WARN_BOOL_CONVERSION = YES;
				CLANG_WARN_CONSTANT_CONVERSION = YES;
				CLANG_WARN_DIRECT_OBJC_ISA_USAGE = YES_ERROR;
				CLANG_WARN_EMPTY_BODY = YES;
				CLANG_WARN_ENUM_CONVERSION = YES;
				CLANG_WARN_INT_CONVERSION = YES;
				CLANG_WARN_OBJC_ROOT_CLASS = YES_ERROR;
				CLANG_WARN_UNREACHABLE_CODE = YES;
				CLANG_WARN__DUPLICATE_METHOD_MATCH = YES;
				COPY_PHASE_STRIP = NO;
				ENABLE_STRICT_OBJC_MSGSEND = YES;
				GCC_C_LANGUAGE_STANDARD = gnu99;
				GCC_DYNAMIC_NO_PIC = NO;
				GCC_OPTIMIZATION_LEVEL = 0;
				GCC_PREPROCESSOR_DEFINITIONS = (
					"DEBUG=1",
					"$(inherited)",
				);
				GCC_SYMBOLS_PRIVATE_EXTERN = NO;
				GCC_WARN_64_TO_32_BIT_CONVERSION = YES;
				GCC_WARN_ABOUT_RETURN_TYPE = YES_ERROR;
				GCC_WARN_UNDECLARED_SELECTOR = YES;
				GCC_WARN_UNINITIALIZED_AUTOS = YES_AGGRESSIVE;
				GCC_WARN_UNUSED_FUNCTION = YES;
				GCC_WARN_UNUSED_VARIABLE = YES;
				MACOSX_DEPLOYMENT_TARGET = 10.10;
				MTL_ENABLE_DEBUG_INFO = YES;
				ONLY_ACTIVE_ARCH = YES;
				SDKROOT = macosx;
			};
			name = Debug;
		};
		F7655DF81A23FE0C0060D9C9 /* Release */ = {
			isa = XCBuildConfiguration;
			buildSettings = {
				ALWAYS_SEARCH_USER_PATHS = NO;
				CLANG_CXX_LANGUAGE_STANDARD = "gnu++0x";
				CLANG_CXX_LIBRARY = "libc++";
				CLANG_ENABLE_MODULES = YES;
				CLANG_ENABLE_OBJC_ARC = YES;
				CLANG_WARN_BOOL_CONVERSION = YES;
				CLANG_WARN_CONSTANT_CONVERSION = YES;
				CLANG_WARN_DIRECT_OBJC_ISA_USAGE = YES_ERROR;
				CLANG_WARN_EMPTY_BODY = YES;
				CLANG_WARN_ENUM_CONVERSION = YES;
				CLANG_WARN_INT_CONVERSION = YES;
				CLANG_WARN_OBJC_ROOT_CLASS = YES_ERROR;
				CLANG_WARN_UNREACHABLE_CODE = YES;
				CLANG_WARN__DUPLICATE_METHOD_MATCH = YES;
				COPY_PHASE_STRIP = YES;
				DEBUG_INFORMATION_FORMAT = "dwarf-with-dsym";
				ENABLE_NS_ASSERTIONS = NO;
				ENABLE_STRICT_OBJC_MSGSEND = YES;
				GCC_C_LANGUAGE_STANDARD = gnu99;
				GCC_WARN_64_TO_32_BIT_CONVERSION = YES;
				GCC_WARN_ABOUT_RETURN_TYPE = YES_ERROR;
				GCC_WARN_UNDECLARED_SELECTOR = YES;
				GCC_WARN_UNINITIALIZED_AUTOS = YES_AGGRESSIVE;
				GCC_WARN_UNUSED_FUNCTION = YES;
				GCC_WARN_UNUSED_VARIABLE = YES;
				MACOSX_DEPLOYMENT_TARGET = 10.10;
				MTL_ENABLE_DEBUG_INFO = NO;
				SDKROOT = macosx;
			};
			name = Release;
		};
		F7655DFA1A23FE0C0060D9C9 /* Debug */ = {
			isa = XCBuildConfiguration;
			buildSettings = {
				PRODUCT_NAME = "$(TARGET_NAME)";
			};
			name = Debug;
		};
		F7655DFB1A23FE0C0060D9C9 /* Release */ = {
			isa = XCBuildConfiguration;
			buildSettings = {
				PRODUCT_NAME = "$(TARGET_NAME)";
			};
			name = Release;
		};
/* End XCBuildConfiguration section */

/* Begin XCConfigurationList section */
		F7655DED1A23FE0B0060D9C9 /* Build configuration list for PBXProject "fssh" */ = {
			isa = XCConfigurationList;
			buildConfigurations = (
				F7655DF71A23FE0C0060D9C9 /* Debug */,
				F7655DF81A23FE0C0060D9C9 /* Release */,
			);
			defaultConfigurationIsVisible = 0;
			defaultConfigurationName = Release;
		};
		F7655DF91A23FE0C0060D9C9 /* Build configuration list for PBXNativeTarget "fssh" */ = {
			isa = XCConfigurationList;
			buildConfigurations = (
				F7655DFA1A23FE0C0060D9C9 /* Debug */,
				F7655DFB1A23FE0C0060D9C9 /* Release */,
			);
			defaultConfigurationIsVisible = 0;
		};
/* End XCConfigurationList section */
	};
	rootObject = F7655DEA1A23FE0B0060D9C9 /* Project object */;
}
