// !$*UTF8*$!
{
	archiveVersion = 1;
	classes = {
	};
	objectVersion = 46;
	objects = {

/* Begin PBXBuildFile section */
		076E92971A0DD8DA001A7D8A /* Shell.c in Sources */ = {isa = PBXBuildFile; fileRef = 076E92951A0DD8DA001A7D8A /* Shell.c */; };
		07C1669E1A0802D7000F67AA /* main.c in Sources */ = {isa = PBXBuildFile; fileRef = 07C1669D1A0802D7000F67AA /* main.c */; };
		07EEDBE61A0D540200084C5E /* Lista.c in Sources */ = {isa = PBXBuildFile; fileRef = 07EEDBE51A0D540200084C5E /* Lista.c */; };
/* End PBXBuildFile section */

/* Begin PBXCopyFilesBuildPhase section */
		07C166981A0802D7000F67AA /* CopyFiles */ = {
			isa = PBXCopyFilesBuildPhase;
			buildActionMask = 2147483647;
			dstPath = /usr/share/man/man1/;
			dstSubfolderSpec = 0;
			files = (
			);
			runOnlyForDeploymentPostprocessing = 1;
		};
/* End PBXCopyFilesBuildPhase section */

/* Begin PBXFileReference section */
		076E92951A0DD8DA001A7D8A /* Shell.c */ = {isa = PBXFileReference; fileEncoding = 4; lastKnownFileType = sourcecode.c.c; path = Shell.c; sourceTree = "<group>"; };
		076E92961A0DD8DA001A7D8A /* Shell.h */ = {isa = PBXFileReference; fileEncoding = 4; lastKnownFileType = sourcecode.c.h; path = Shell.h; sourceTree = "<group>"; };
		0776A3971A0C75E50030F791 /* Lista.h */ = {isa = PBXFileReference; lastKnownFileType = sourcecode.c.h; path = Lista.h; sourceTree = "<group>"; };
		07C1669A1A0802D7000F67AA /* Shell */ = {isa = PBXFileReference; explicitFileType = "compiled.mach-o.executable"; includeInIndex = 0; path = Shell; sourceTree = BUILT_PRODUCTS_DIR; };
		07C1669D1A0802D7000F67AA /* main.c */ = {isa = PBXFileReference; lastKnownFileType = sourcecode.c.c; path = main.c; sourceTree = "<group>"; };
		07EEDBE51A0D540200084C5E /* Lista.c */ = {isa = PBXFileReference; fileEncoding = 4; lastKnownFileType = sourcecode.c.c; path = Lista.c; sourceTree = "<group>"; };
/* End PBXFileReference section */

/* Begin PBXFrameworksBuildPhase section */
		07C166971A0802D7000F67AA /* Frameworks */ = {
			isa = PBXFrameworksBuildPhase;
			buildActionMask = 2147483647;
			files = (
			);
			runOnlyForDeploymentPostprocessing = 0;
		};
/* End PBXFrameworksBuildPhase section */

/* Begin PBXGroup section */
		076E92981A0DDB39001A7D8A /* H */ = {
			isa = PBXGroup;
			children = (
			);
			name = H;
			sourceTree = "<group>";
		};
		07C166911A0802D7000F67AA = {
			isa = PBXGroup;
			children = (
				07C1669C1A0802D7000F67AA /* Shell */,
				07C1669B1A0802D7000F67AA /* Products */,
			);
			sourceTree = "<group>";
		};
		07C1669B1A0802D7000F67AA /* Products */ = {
			isa = PBXGroup;
			children = (
				07C1669A1A0802D7000F67AA /* Shell */,
			);
			name = Products;
			sourceTree = "<group>";
		};
		07C1669C1A0802D7000F67AA /* Shell */ = {
			isa = PBXGroup;
			children = (
				076E92981A0DDB39001A7D8A /* H */,
				07C1669D1A0802D7000F67AA /* main.c */,
				076E92951A0DD8DA001A7D8A /* Shell.c */,
				076E92961A0DD8DA001A7D8A /* Shell.h */,
				0776A3971A0C75E50030F791 /* Lista.h */,
				07EEDBE51A0D540200084C5E /* Lista.c */,
			);
			path = Shell;
			sourceTree = "<group>";
		};
/* End PBXGroup section */

/* Begin PBXNativeTarget section */
		07C166991A0802D7000F67AA /* Shell */ = {
			isa = PBXNativeTarget;
			buildConfigurationList = 07C166A11A0802D7000F67AA /* Build configuration list for PBXNativeTarget "Shell" */;
			buildPhases = (
				07C166961A0802D7000F67AA /* Sources */,
				07C166971A0802D7000F67AA /* Frameworks */,
				07C166981A0802D7000F67AA /* CopyFiles */,
			);
			buildRules = (
			);
			dependencies = (
			);
			name = Shell;
			productName = Shell;
			productReference = 07C1669A1A0802D7000F67AA /* Shell */;
			productType = "com.apple.product-type.tool";
		};
/* End PBXNativeTarget section */

/* Begin PBXProject section */
		07C166921A0802D7000F67AA /* Project object */ = {
			isa = PBXProject;
			attributes = {
				LastUpgradeCheck = 0610;
				ORGANIZATIONNAME = ARSC;
				TargetAttributes = {
					07C166991A0802D7000F67AA = {
						CreatedOnToolsVersion = 6.1;
					};
				};
			};
			buildConfigurationList = 07C166951A0802D7000F67AA /* Build configuration list for PBXProject "Shell" */;
			compatibilityVersion = "Xcode 3.2";
			developmentRegion = English;
			hasScannedForEncodings = 0;
			knownRegions = (
				en,
			);
			mainGroup = 07C166911A0802D7000F67AA;
			productRefGroup = 07C1669B1A0802D7000F67AA /* Products */;
			projectDirPath = "";
			projectRoot = "";
			targets = (
				07C166991A0802D7000F67AA /* Shell */,
			);
		};
/* End PBXProject section */

/* Begin PBXSourcesBuildPhase section */
		07C166961A0802D7000F67AA /* Sources */ = {
			isa = PBXSourcesBuildPhase;
			buildActionMask = 2147483647;
			files = (
				076E92971A0DD8DA001A7D8A /* Shell.c in Sources */,
				07C1669E1A0802D7000F67AA /* main.c in Sources */,
				07EEDBE61A0D540200084C5E /* Lista.c in Sources */,
			);
			runOnlyForDeploymentPostprocessing = 0;
		};
/* End PBXSourcesBuildPhase section */

/* Begin XCBuildConfiguration section */
		07C1669F1A0802D7000F67AA /* Debug */ = {
			isa = XCBuildConfiguration;
			buildSettings = {
				ALWAYS_SEARCH_USER_PATHS = NO;
				CLANG_CXX_LANGUAGE_STANDARD = "gnu++0x";
				CLANG_CXX_LIBRARY = "libc++";
				CLANG_ENABLE_MODULES = YES;
				CLANG_ENABLE_OBJC_ARC = YES;
				CLANG_WARN_BOOL_CONVERSION = YES;
				CLANG_WARN_CONSTANT_CONVERSION = YES;
				CLANG_WARN_DIRECT_OBJC_ISA_USAGE = YES_ERROR;
				CLANG_WARN_EMPTY_BODY = YES;
				CLANG_WARN_ENUM_CONVERSION = YES;
				CLANG_WARN_INT_CONVERSION = YES;
				CLANG_WARN_OBJC_ROOT_CLASS = YES_ERROR;
				CLANG_WARN_UNREACHABLE_CODE = YES;
				CLANG_WARN__DUPLICATE_METHOD_MATCH = YES;
				COPY_PHASE_STRIP = NO;
				ENABLE_STRICT_OBJC_MSGSEND = YES;
				GCC_C_LANGUAGE_STANDARD = gnu99;
				GCC_DYNAMIC_NO_PIC = NO;
				GCC_OPTIMIZATION_LEVEL = 0;
				GCC_PREPROCESSOR_DEFINITIONS = (
					"DEBUG=1",
					"$(inherited)",
				);
				GCC_SYMBOLS_PRIVATE_EXTERN = NO;
				GCC_WARN_64_TO_32_BIT_CONVERSION = YES;
				GCC_WARN_ABOUT_RETURN_TYPE = YES_ERROR;
				GCC_WARN_UNDECLARED_SELECTOR = YES;
				GCC_WARN_UNINITIALIZED_AUTOS = YES_AGGRESSIVE;
				GCC_WARN_UNUSED_FUNCTION = YES;
				GCC_WARN_UNUSED_VARIABLE = YES;
				MACOSX_DEPLOYMENT_TARGET = 10.10;
				MTL_ENABLE_DEBUG_INFO = YES;
				ONLY_ACTIVE_ARCH = YES;
				SDKROOT = macosx;
			};
			name = Debug;
		};
		07C166A01A0802D7000F67AA /* Release */ = {
			isa = XCBuildConfiguration;
			buildSettings = {
				ALWAYS_SEARCH_USER_PATHS = NO;
				CLANG_CXX_LANGUAGE_STANDARD = "gnu++0x";
				CLANG_CXX_LIBRARY = "libc++";
				CLANG_ENABLE_MODULES = YES;
				CLANG_ENABLE_OBJC_ARC = YES;
				CLANG_WARN_BOOL_CONVERSION = YES;
				CLANG_WARN_CONSTANT_CONVERSION = YES;
				CLANG_WARN_DIRECT_OBJC_ISA_USAGE = YES_ERROR;
				CLANG_WARN_EMPTY_BODY = YES;
				CLANG_WARN_ENUM_CONVERSION = YES;
				CLANG_WARN_INT_CONVERSION = YES;
				CLANG_WARN_OBJC_ROOT_CLASS = YES_ERROR;
				CLANG_WARN_UNREACHABLE_CODE = YES;
				CLANG_WARN__DUPLICATE_METHOD_MATCH = YES;
				COPY_PHASE_STRIP = YES;
				DEBUG_INFORMATION_FORMAT = "dwarf-with-dsym";
				ENABLE_NS_ASSERTIONS = NO;
				ENABLE_STRICT_OBJC_MSGSEND = YES;
				GCC_C_LANGUAGE_STANDARD = gnu99;
				GCC_WARN_64_TO_32_BIT_CONVERSION = YES;
				GCC_WARN_ABOUT_RETURN_TYPE = YES_ERROR;
				GCC_WARN_UNDECLARED_SELECTOR = YES;
				GCC_WARN_UNINITIALIZED_AUTOS = YES_AGGRESSIVE;
				GCC_WARN_UNUSED_FUNCTION = YES;
				GCC_WARN_UNUSED_VARIABLE = YES;
				MACOSX_DEPLOYMENT_TARGET = 10.10;
				MTL_ENABLE_DEBUG_INFO = NO;
				SDKROOT = macosx;
			};
			name = Release;
		};
		07C166A21A0802D7000F67AA /* Debug */ = {
			isa = XCBuildConfiguration;
			buildSettings = {
				PRODUCT_NAME = "$(TARGET_NAME)";
			};
			name = Debug;
		};
		07C166A31A0802D7000F67AA /* Release */ = {
			isa = XCBuildConfiguration;
			buildSettings = {
				PRODUCT_NAME = "$(TARGET_NAME)";
			};
			name = Release;
		};
/* End XCBuildConfiguration section */

/* Begin XCConfigurationList section */
		07C166951A0802D7000F67AA /* Build configuration list for PBXProject "Shell" */ = {
			isa = XCConfigurationList;
			buildConfigurations = (
				07C1669F1A0802D7000F67AA /* Debug */,
				07C166A01A0802D7000F67AA /* Release */,
			);
			defaultConfigurationIsVisible = 0;
			defaultConfigurationName = Release;
		};
		07C166A11A0802D7000F67AA /* Build configuration list for PBXNativeTarget "Shell" */ = {
			isa = XCConfigurationList;
			buildConfigurations = (
				07C166A21A0802D7000F67AA /* Debug */,
				07C166A31A0802D7000F67AA /* Release */,
			);
			defaultConfigurationIsVisible = 0;
			defaultConfigurationName = Release;
		};
/* End XCConfigurationList section */
	};
	rootObject = 07C166921A0802D7000F67AA /* Project object */;
}
