// !$*UTF8*$!
{
	archiveVersion = 1;
	classes = {
	};
	objectVersion = 46;
	objects = {

/* Begin PBXBuildFile section */
		07094B501A1EB001000E1004 /* arbol.c in Sources */ = {isa = PBXBuildFile; fileRef = 07094B4C1A1EB001000E1004 /* arbol.c */; };
		07094B511A1EB001000E1004 /* comando.c in Sources */ = {isa = PBXBuildFile; fileRef = 07094B4E1A1EB001000E1004 /* comando.c */; };
/* End PBXBuildFile section */

/* Begin PBXCopyFilesBuildPhase section */
		07BF09821A1991A6002F7554 /* CopyFiles */ = {
			isa = PBXCopyFilesBuildPhase;
			buildActionMask = 2147483647;
			dstPath = /usr/share/man/man1/;
			dstSubfolderSpec = 0;
			files = (
			);
			runOnlyForDeploymentPostprocessing = 1;
		};
/* End PBXCopyFilesBuildPhase section */

/* Begin PBXFileReference section */
		07094B4C1A1EB001000E1004 /* arbol.c */ = {isa = PBXFileReference; fileEncoding = 4; lastKnownFileType = sourcecode.c.c; name = arbol.c; path = ../../Codigos/arbol.c; sourceTree = "<group>"; };
		07094B4D1A1EB001000E1004 /* arbol.h */ = {isa = PBXFileReference; fileEncoding = 4; lastKnownFileType = sourcecode.c.h; name = arbol.h; path = ../../Codigos/arbol.h; sourceTree = "<group>"; };
		07094B4E1A1EB001000E1004 /* comando.c */ = {isa = PBXFileReference; fileEncoding = 4; lastKnownFileType = sourcecode.c.c; name = comando.c; path = ../../Codigos/comando.c; sourceTree = "<group>"; };
		07094B4F1A1EB001000E1004 /* comando.h */ = {isa = PBXFileReference; fileEncoding = 4; lastKnownFileType = sourcecode.c.h; name = comando.h; path = ../../Codigos/comando.h; sourceTree = "<group>"; };
		07652EE41A21630200E05FC3 /* File */ = {isa = PBXFileReference; fileEncoding = 4; lastKnownFileType = text; path = File; sourceTree = "<group>"; };
		07BF09841A1991A6002F7554 /* fssh */ = {isa = PBXFileReference; explicitFileType = "compiled.mach-o.executable"; includeInIndex = 0; path = fssh; sourceTree = BUILT_PRODUCTS_DIR; };
/* End PBXFileReference section */

/* Begin PBXFrameworksBuildPhase section */
		07BF09811A1991A6002F7554 /* Frameworks */ = {
			isa = PBXFrameworksBuildPhase;
			buildActionMask = 2147483647;
			files = (
			);
			runOnlyForDeploymentPostprocessing = 0;
		};
/* End PBXFrameworksBuildPhase section */

/* Begin PBXGroup section */
		07BF097B1A1991A6002F7554 = {
			isa = PBXGroup;
			children = (
				07BF09861A1991A6002F7554 /* fssh */,
				07BF09851A1991A6002F7554 /* Products */,
			);
			sourceTree = "<group>";
		};
		07BF09851A1991A6002F7554 /* Products */ = {
			isa = PBXGroup;
			children = (
				07BF09841A1991A6002F7554 /* fssh */,
			);
			name = Products;
			sourceTree = "<group>";
		};
		07BF09861A1991A6002F7554 /* fssh */ = {
			isa = PBXGroup;
			children = (
				07094B4C1A1EB001000E1004 /* arbol.c */,
				07652EE41A21630200E05FC3 /* File */,
				07094B4D1A1EB001000E1004 /* arbol.h */,
				07094B4E1A1EB001000E1004 /* comando.c */,
				07094B4F1A1EB001000E1004 /* comando.h */,
			);
			path = fssh;
			sourceTree = "<group>";
		};
/* End PBXGroup section */

/* Begin PBXNativeTarget section */
		07BF09831A1991A6002F7554 /* fssh */ = {
			isa = PBXNativeTarget;
			buildConfigurationList = 07BF098B1A1991A6002F7554 /* Build configuration list for PBXNativeTarget "fssh" */;
			buildPhases = (
				07BF09801A1991A6002F7554 /* Sources */,
				07BF09811A1991A6002F7554 /* Frameworks */,
				07BF09821A1991A6002F7554 /* CopyFiles */,
			);
			buildRules = (
			);
			dependencies = (
			);
			name = fssh;
			productName = fssh;
			productReference = 07BF09841A1991A6002F7554 /* fssh */;
			productType = "com.apple.product-type.tool";
		};
/* End PBXNativeTarget section */

/* Begin PBXProject section */
		07BF097C1A1991A6002F7554 /* Project object */ = {
			isa = PBXProject;
			attributes = {
				LastUpgradeCheck = 0610;
				ORGANIZATIONNAME = ARSC;
				TargetAttributes = {
					07BF09831A1991A6002F7554 = {
						CreatedOnToolsVersion = 6.1;
					};
				};
			};
			buildConfigurationList = 07BF097F1A1991A6002F7554 /* Build configuration list for PBXProject "fssh" */;
			compatibilityVersion = "Xcode 3.2";
			developmentRegion = English;
			hasScannedForEncodings = 0;
			knownRegions = (
				en,
			);
			mainGroup = 07BF097B1A1991A6002F7554;
			productRefGroup = 07BF09851A1991A6002F7554 /* Products */;
			projectDirPath = "";
			projectRoot = "";
			targets = (
				07BF09831A1991A6002F7554 /* fssh */,
			);
		};
/* End PBXProject section */

/* Begin PBXSourcesBuildPhase section */
		07BF09801A1991A6002F7554 /* Sources */ = {
			isa = PBXSourcesBuildPhase;
			buildActionMask = 2147483647;
			files = (
				07094B501A1EB001000E1004 /* arbol.c in Sources */,
				07094B511A1EB001000E1004 /* comando.c in Sources */,
			);
			runOnlyForDeploymentPostprocessing = 0;
		};
/* End PBXSourcesBuildPhase section */

/* Begin XCBuildConfiguration section */
		07BF09891A1991A6002F7554 /* Debug */ = {
			isa = XCBuildConfiguration;
			buildSettings = {
				ALWAYS_SEARCH_USER_PATHS = NO;
				CLANG_CXX_LANGUAGE_STANDARD = "gnu++0x";
				CLANG_CXX_LIBRARY = "libc++";
				CLANG_ENABLE_MODULES = YES;
				CLANG_ENABLE_OBJC_ARC = YES;
				CLANG_WARN_BOOL_CONVERSION = YES;
				CLANG_WARN_CONSTANT_CONVERSION = YES;
				CLANG_WARN_DIRECT_OBJC_ISA_USAGE = YES_ERROR;
				CLANG_WARN_EMPTY_BODY = YES;
				CLANG_WARN_ENUM_CONVERSION = YES;
				CLANG_WARN_INT_CONVERSION = YES;
				CLANG_WARN_OBJC_ROOT_CLASS = YES_ERROR;
				CLANG_WARN_UNREACHABLE_CODE = YES;
				CLANG_WARN__DUPLICATE_METHOD_MATCH = YES;
				COPY_PHASE_STRIP = NO;
				ENABLE_STRICT_OBJC_MSGSEND = YES;
				GCC_C_LANGUAGE_STANDARD = gnu99;
				GCC_DYNAMIC_NO_PIC = NO;
				GCC_OPTIMIZATION_LEVEL = 0;
				GCC_PREPROCESSOR_DEFINITIONS = (
					"DEBUG=1",
					"$(inherited)",
				);
				GCC_SYMBOLS_PRIVATE_EXTERN = NO;
				GCC_WARN_64_TO_32_BIT_CONVERSION = YES;
				GCC_WARN_ABOUT_RETURN_TYPE = YES_ERROR;
				GCC_WARN_UNDECLARED_SELECTOR = YES;
				GCC_WARN_UNINITIALIZED_AUTOS = YES_AGGRESSIVE;
				GCC_WARN_UNUSED_FUNCTION = YES;
				GCC_WARN_UNUSED_VARIABLE = YES;
				MACOSX_DEPLOYMENT_TARGET = 10.10;
				MTL_ENABLE_DEBUG_INFO = YES;
				ONLY_ACTIVE_ARCH = YES;
				SDKROOT = macosx;
			};
			name = Debug;
		};
		07BF098A1A1991A6002F7554 /* Release */ = {
			isa = XCBuildConfiguration;
			buildSettings = {
				ALWAYS_SEARCH_USER_PATHS = NO;
				CLANG_CXX_LANGUAGE_STANDARD = "gnu++0x";
				CLANG_CXX_LIBRARY = "libc++";
				CLANG_ENABLE_MODULES = YES;
				CLANG_ENABLE_OBJC_ARC = YES;
				CLANG_WARN_BOOL_CONVERSION = YES;
				CLANG_WARN_CONSTANT_CONVERSION = YES;
				CLANG_WARN_DIRECT_OBJC_ISA_USAGE = YES_ERROR;
				CLANG_WARN_EMPTY_BODY = YES;
				CLANG_WARN_ENUM_CONVERSION = YES;
				CLANG_WARN_INT_CONVERSION = YES;
				CLANG_WARN_OBJC_ROOT_CLASS = YES_ERROR;
				CLANG_WARN_UNREACHABLE_CODE = YES;
				CLANG_WARN__DUPLICATE_METHOD_MATCH = YES;
				COPY_PHASE_STRIP = YES;
				DEBUG_INFORMATION_FORMAT = "dwarf-with-dsym";
				ENABLE_NS_ASSERTIONS = NO;
				ENABLE_STRICT_OBJC_MSGSEND = YES;
				GCC_C_LANGUAGE_STANDARD = gnu99;
				GCC_WARN_64_TO_32_BIT_CONVERSION = YES;
				GCC_WARN_ABOUT_RETURN_TYPE = YES_ERROR;
				GCC_WARN_UNDECLARED_SELECTOR = YES;
				GCC_WARN_UNINITIALIZED_AUTOS = YES_AGGRESSIVE;
				GCC_WARN_UNUSED_FUNCTION = YES;
				GCC_WARN_UNUSED_VARIABLE = YES;
				MACOSX_DEPLOYMENT_TARGET = 10.10;
				MTL_ENABLE_DEBUG_INFO = NO;
				SDKROOT = macosx;
			};
			name = Release;
		};
		07BF098C1A1991A6002F7554 /* Debug */ = {
			isa = XCBuildConfiguration;
			buildSettings = {
				PRODUCT_NAME = "$(TARGET_NAME)";
			};
			name = Debug;
		};
		07BF098D1A1991A6002F7554 /* Release */ = {
			isa = XCBuildConfiguration;
			buildSettings = {
				PRODUCT_NAME = "$(TARGET_NAME)";
			};
			name = Release;
		};
/* End XCBuildConfiguration section */

/* Begin XCConfigurationList section */
		07BF097F1A1991A6002F7554 /* Build configuration list for PBXProject "fssh" */ = {
			isa = XCConfigurationList;
			buildConfigurations = (
				07BF09891A1991A6002F7554 /* Debug */,
				07BF098A1A1991A6002F7554 /* Release */,
			);
			defaultConfigurationIsVisible = 0;
			defaultConfigurationName = Release;
		};
		07BF098B1A1991A6002F7554 /* Build configuration list for PBXNativeTarget "fssh" */ = {
			isa = XCConfigurationList;
			buildConfigurations = (
				07BF098C1A1991A6002F7554 /* Debug */,
				07BF098D1A1991A6002F7554 /* Release */,
			);
			defaultConfigurationIsVisible = 0;
			defaultConfigurationName = Release;
		};
/* End XCConfigurationList section */
	};
	rootObject = 07BF097C1A1991A6002F7554 /* Project object */;
}
